
Microsoft Visual Studio Solution File, Format Version 12.00
# Visual Studio Version 17
VisualStudioVersion = 17.10.35201.131
MinimumVisualStudioVersion = 10.0.40219.1
Project("{9A19103F-16F7-4668-BE54-9A1E7A4F7556}") = "BuberDinner.API", "BuberDinner.API\BuberDinner.API.csproj", "{D354378E-F1D6-47DB-ADD7-28C6B6CBCD2F}"
EndProject
Project("{9A19103F-16F7-4668-BE54-9A1E7A4F7556}") = "BuberDinner.Application", "BuberDinner.Application\BuberDinner.Application.csproj", "{103EED50-62C6-47BE-8E26-030B2909B884}"
EndProject
Project("{9A19103F-16F7-4668-BE54-9A1E7A4F7556}") = "BuberDinner.Infrastructure", "BuberDinner.Infrastructure\BuberDinner.Infrastructure.csproj", "{FB447F3F-A426-4CFD-A23F-559D5F003D81}"
EndProject
Project("{9A19103F-16F7-4668-BE54-9A1E7A4F7556}") = "BuberDinner.Domain", "BuberDinner.Domain\BuberDinner.Domain.csproj", "{F901E674-4866-4EF2-800E-FD2C572E5BA0}"
EndProject
Project("{9A19103F-16F7-4668-BE54-9A1E7A4F7556}") = "BuberDinner.Contracts", "BuberDinner.Contracts\BuberDinner.Contracts.csproj", "{F838D03D-956D-44F9-B3D6-737C30CCC11F}"
EndProject
Project("{2150E333-8FDC-42A3-9474-1A3956D46DE8}") = "src", "src", "{CFE25D78-9BA8-4772-8162-81B86E056D39}"
EndProject
Project("{2150E333-8FDC-42A3-9474-1A3956D46DE8}") = "Docs", "Docs", "{98B7598D-02BE-49DC-9352-111DB3FE46EF}"
	ProjectSection(SolutionItems) = preProject
		Docs\Api.md = Docs\Api.md
	EndProjectSection
EndProject
Project("{2150E333-8FDC-42A3-9474-1A3956D46DE8}") = "Requests", "Requests", "{B7E2F6F6-43DC-4070-821E-5CED42C36474}"
EndProject
Project("{2150E333-8FDC-42A3-9474-1A3956D46DE8}") = "Authentication", "Authentication", "{15E295F4-2BC9-4860-BECF-9FB2F963CAF6}"
	ProjectSection(SolutionItems) = preProject
		Requests\Authentication\Login.http = Requests\Authentication\Login.http
		Requests\Authentication\Register.http = Requests\Authentication\Register.http
	EndProjectSection
EndProject
Global
	GlobalSection(SolutionConfigurationPlatforms) = preSolution
		Debug|Any CPU = Debug|Any CPU
		Release|Any CPU = Release|Any CPU
	EndGlobalSection
	GlobalSection(ProjectConfigurationPlatforms) = postSolution
		{D354378E-F1D6-47DB-ADD7-28C6B6CBCD2F}.Debug|Any CPU.ActiveCfg = Debug|Any CPU
		{D354378E-F1D6-47DB-ADD7-28C6B6CBCD2F}.Debug|Any CPU.Build.0 = Debug|Any CPU
		{D354378E-F1D6-47DB-ADD7-28C6B6CBCD2F}.Release|Any CPU.ActiveCfg = Release|Any CPU
		{D354378E-F1D6-47DB-ADD7-28C6B6CBCD2F}.Release|Any CPU.Build.0 = Release|Any CPU
		{103EED50-62C6-47BE-8E26-030B2909B884}.Debug|Any CPU.ActiveCfg = Debug|Any CPU
		{103EED50-62C6-47BE-8E26-030B2909B884}.Debug|Any CPU.Build.0 = Debug|Any CPU
		{103EED50-62C6-47BE-8E26-030B2909B884}.Release|Any CPU.ActiveCfg = Release|Any CPU
		{103EED50-62C6-47BE-8E26-030B2909B884}.Release|Any CPU.Build.0 = Release|Any CPU
		{FB447F3F-A426-4CFD-A23F-559D5F003D81}.Debug|Any CPU.ActiveCfg = Debug|Any CPU
		{FB447F3F-A426-4CFD-A23F-559D5F003D81}.Debug|Any CPU.Build.0 = Debug|Any CPU
		{FB447F3F-A426-4CFD-A23F-559D5F003D81}.Release|Any CPU.ActiveCfg = Release|Any CPU
		{FB447F3F-A426-4CFD-A23F-559D5F003D81}.Release|Any CPU.Build.0 = Release|Any CPU
		{F901E674-4866-4EF2-800E-FD2C572E5BA0}.Debug|Any CPU.ActiveCfg = Debug|Any CPU
		{F901E674-4866-4EF2-800E-FD2C572E5BA0}.Debug|Any CPU.Build.0 = Debug|Any CPU
		{F901E674-4866-4EF2-800E-FD2C572E5BA0}.Release|Any CPU.ActiveCfg = Release|Any CPU
		{F901E674-4866-4EF2-800E-FD2C572E5BA0}.Release|Any CPU.Build.0 = Release|Any CPU
		{F838D03D-956D-44F9-B3D6-737C30CCC11F}.Debug|Any CPU.ActiveCfg = Debug|Any CPU
		{F838D03D-956D-44F9-B3D6-737C30CCC11F}.Debug|Any CPU.Build.0 = Debug|Any CPU
		{F838D03D-956D-44F9-B3D6-737C30CCC11F}.Release|Any CPU.ActiveCfg = Release|Any CPU
		{F838D03D-956D-44F9-B3D6-737C30CCC11F}.Release|Any CPU.Build.0 = Release|Any CPU
	EndGlobalSection
	GlobalSection(SolutionProperties) = preSolution
		HideSolutionNode = FALSE
	EndGlobalSection
	GlobalSection(NestedProjects) = preSolution
		{D354378E-F1D6-47DB-ADD7-28C6B6CBCD2F} = {CFE25D78-9BA8-4772-8162-81B86E056D39}
		{103EED50-62C6-47BE-8E26-030B2909B884} = {CFE25D78-9BA8-4772-8162-81B86E056D39}
		{FB447F3F-A426-4CFD-A23F-559D5F003D81} = {CFE25D78-9BA8-4772-8162-81B86E056D39}
		{F901E674-4866-4EF2-800E-FD2C572E5BA0} = {CFE25D78-9BA8-4772-8162-81B86E056D39}
		{F838D03D-956D-44F9-B3D6-737C30CCC11F} = {CFE25D78-9BA8-4772-8162-81B86E056D39}
		{98B7598D-02BE-49DC-9352-111DB3FE46EF} = {CFE25D78-9BA8-4772-8162-81B86E056D39}
		{B7E2F6F6-43DC-4070-821E-5CED42C36474} = {CFE25D78-9BA8-4772-8162-81B86E056D39}
		{15E295F4-2BC9-4860-BECF-9FB2F963CAF6} = {B7E2F6F6-43DC-4070-821E-5CED42C36474}
	EndGlobalSection
	GlobalSection(ExtensibilityGlobals) = postSolution
		SolutionGuid = {B37287B4-EE53-4839-B8C0-4C4E66A6899A}
	EndGlobalSection
EndGlobal
